// !$*UTF8*$!
{
	archiveVersion = 1;
	classes = {
	};
	objectVersion = 50;
	objects = {

/* Begin PBXBuildFile section */
		1EA70792211B6659002DEB07 /* AppDelegate.swift in Sources */ = {isa = PBXBuildFile; fileRef = 1EA70791211B6659002DEB07 /* AppDelegate.swift */; };
		1EA70797211B6659002DEB07 /* Main.storyboard in Resources */ = {isa = PBXBuildFile; fileRef = 1EA70795211B6659002DEB07 /* Main.storyboard */; };
		1EA70799211B665A002DEB07 /* Assets.xcassets in Resources */ = {isa = PBXBuildFile; fileRef = 1EA70798211B665A002DEB07 /* Assets.xcassets */; };
		1EA7079C211B665A002DEB07 /* LaunchScreen.storyboard in Resources */ = {isa = PBXBuildFile; fileRef = 1EA7079A211B665A002DEB07 /* LaunchScreen.storyboard */; };
		1EA707A4211B67B4002DEB07 /* UserCustomeTableCell.swift in Sources */ = {isa = PBXBuildFile; fileRef = 1EA707A3211B67B4002DEB07 /* UserCustomeTableCell.swift */; };
		1EA707A6211B682D002DEB07 /* UserListViewController.swift in Sources */ = {isa = PBXBuildFile; fileRef = 1EA707A5211B682D002DEB07 /* UserListViewController.swift */; };
		1EA707AA211B688E002DEB07 /* User.swift in Sources */ = {isa = PBXBuildFile; fileRef = 1EA707A9211B688E002DEB07 /* User.swift */; };
/* End PBXBuildFile section */

/* Begin PBXFileReference section */
		1EA7078E211B6659002DEB07 /* Demo4-TableViewDemo1.app */ = {isa = PBXFileReference; explicitFileType = wrapper.application; includeInIndex = 0; path = "Demo4-TableViewDemo1.app"; sourceTree = BUILT_PRODUCTS_DIR; };
		1EA70791211B6659002DEB07 /* AppDelegate.swift */ = {isa = PBXFileReference; lastKnownFileType = sourcecode.swift; path = AppDelegate.swift; sourceTree = "<group>"; };
		1EA70796211B6659002DEB07 /* Base */ = {isa = PBXFileReference; lastKnownFileType = file.storyboard; name = Base; path = Base.lproj/Main.storyboard; sourceTree = "<group>"; };
		1EA70798211B665A002DEB07 /* Assets.xcassets */ = {isa = PBXFileReference; lastKnownFileType = folder.assetcatalog; path = Assets.xcassets; sourceTree = "<group>"; };
		1EA7079B211B665A002DEB07 /* Base */ = {isa = PBXFileReference; lastKnownFileType = file.storyboard; name = Base; path = Base.lproj/LaunchScreen.storyboard; sourceTree = "<group>"; };
		1EA7079D211B665A002DEB07 /* Info.plist */ = {isa = PBXFileReference; lastKnownFileType = text.plist.xml; path = Info.plist; sourceTree = "<group>"; };
		1EA707A3211B67B4002DEB07 /* UserCustomeTableCell.swift */ = {isa = PBXFileReference; lastKnownFileType = sourcecode.swift; path = UserCustomeTableCell.swift; sourceTree = "<group>"; };
		1EA707A5211B682D002DEB07 /* UserListViewController.swift */ = {isa = PBXFileReference; lastKnownFileType = sourcecode.swift; path = UserListViewController.swift; sourceTree = "<group>"; };
		1EA707A9211B688E002DEB07 /* User.swift */ = {isa = PBXFileReference; lastKnownFileType = sourcecode.swift; path = User.swift; sourceTree = "<group>"; };
/* End PBXFileReference section */

/* Begin PBXFrameworksBuildPhase section */
		1EA7078B211B6659002DEB07 /* Frameworks */ = {
			isa = PBXFrameworksBuildPhase;
			buildActionMask = 2147483647;
			files = (
			);
			runOnlyForDeploymentPostprocessing = 0;
		};
/* End PBXFrameworksBuildPhase section */

/* Begin PBXGroup section */
		1EA70785211B6659002DEB07 = {
			isa = PBXGroup;
			children = (
				1EA70790211B6659002DEB07 /* TableViewDemo1 */,
				1EA7078F211B6659002DEB07 /* Products */,
			);
			sourceTree = "<group>";
		};
		1EA7078F211B6659002DEB07 /* Products */ = {
			isa = PBXGroup;
			children = (
				1EA7078E211B6659002DEB07 /* Demo4-TableViewDemo1.app */,
			);
			name = Products;
			sourceTree = "<group>";
		};
		1EA70790211B6659002DEB07 /* TableViewDemo1 */ = {
			isa = PBXGroup;
			children = (
				1EA70791211B6659002DEB07 /* AppDelegate.swift */,
				1EA707AB211B6892002DEB07 /* Models */,
				1EA707A7211B686E002DEB07 /* ViewControllers */,
				1EA70795211B6659002DEB07 /* Main.storyboard */,
				1EA70798211B665A002DEB07 /* Assets.xcassets */,
				1EA7079A211B665A002DEB07 /* LaunchScreen.storyboard */,
				1EA7079D211B665A002DEB07 /* Info.plist */,
			);
			path = TableViewDemo1;
			sourceTree = "<group>";
		};
		1EA707A7211B686E002DEB07 /* ViewControllers */ = {
			isa = PBXGroup;
			children = (
				1EA707A8211B687B002DEB07 /* UserListViewController */,
			);
			path = ViewControllers;
			sourceTree = "<group>";
		};
		1EA707A8211B687B002DEB07 /* UserListViewController */ = {
			isa = PBXGroup;
			children = (
				1EA707A3211B67B4002DEB07 /* UserCustomeTableCell.swift */,
				1EA707A5211B682D002DEB07 /* UserListViewController.swift */,
			);
			path = UserListViewController;
			sourceTree = "<group>";
		};
		1EA707AB211B6892002DEB07 /* Models */ = {
			isa = PBXGroup;
			children = (
				1EA707A9211B688E002DEB07 /* User.swift */,
			);
			path = Models;
			sourceTree = "<group>";
		};
/* End PBXGroup section */

/* Begin PBXNativeTarget section */
		1EA7078D211B6659002DEB07 /* Demo4-TableViewDemo1 */ = {
			isa = PBXNativeTarget;
			buildConfigurationList = 1EA707A0211B665A002DEB07 /* Build configuration list for PBXNativeTarget "Demo4-TableViewDemo1" */;
			buildPhases = (
				1EA7078A211B6659002DEB07 /* Sources */,
				1EA7078B211B6659002DEB07 /* Frameworks */,
				1EA7078C211B6659002DEB07 /* Resources */,
			);
			buildRules = (
			);
			dependencies = (
			);
			name = "Demo4-TableViewDemo1";
			productName = TableViewDemo1;
			productReference = 1EA7078E211B6659002DEB07 /* Demo4-TableViewDemo1.app */;
			productType = "com.apple.product-type.application";
		};
/* End PBXNativeTarget section */

/* Begin PBXProject section */
		1EA70786211B6659002DEB07 /* Project object */ = {
			isa = PBXProject;
			attributes = {
				LastSwiftUpdateCheck = 0940;
				LastUpgradeCheck = 0940;
				ORGANIZATIONNAME = MahmoudOrganization;
				TargetAttributes = {
					1EA7078D211B6659002DEB07 = {
						CreatedOnToolsVersion = 9.4.1;
					};
				};
			};
			buildConfigurationList = 1EA70789211B6659002DEB07 /* Build configuration list for PBXProject "Demo4-TableViewDemo1" */;
			compatibilityVersion = "Xcode 9.3";
			developmentRegion = en;
			hasScannedForEncodings = 0;
			knownRegions = (
				en,
				Base,
			);
			mainGroup = 1EA70785211B6659002DEB07;
			productRefGroup = 1EA7078F211B6659002DEB07 /* Products */;
			projectDirPath = "";
			projectRoot = "";
			targets = (
				1EA7078D211B6659002DEB07 /* Demo4-TableViewDemo1 */,
			);
		};
/* End PBXProject section */

/* Begin PBXResourcesBuildPhase section */
		1EA7078C211B6659002DEB07 /* Resources */ = {
			isa = PBXResourcesBuildPhase;
			buildActionMask = 2147483647;
			files = (
				1EA7079C211B665A002DEB07 /* LaunchScreen.storyboard in Resources */,
				1EA70799211B665A002DEB07 /* Assets.xcassets in Resources */,
				1EA70797211B6659002DEB07 /* Main.storyboard in Resources */,
			);
			runOnlyForDeploymentPostprocessing = 0;
		};
/* End PBXResourcesBuildPhase section */

/* Begin PBXSourcesBuildPhase section */
		1EA7078A211B6659002DEB07 /* Sources */ = {
			isa = PBXSourcesBuildPhase;
			buildActionMask = 2147483647;
			files = (
				1EA707AA211B688E002DEB07 /* User.swift in Sources */,
				1EA707A4211B67B4002DEB07 /* UserCustomeTableCell.swift in Sources */,
				1EA70792211B6659002DEB07 /* AppDelegate.swift in Sources */,
				1EA707A6211B682D002DEB07 /* UserListViewController.swift in Sources */,
			);
			runOnlyForDeploymentPostprocessing = 0;
		};
/* End PBXSourcesBuildPhase section */

/* Begin PBXVariantGroup section */
		1EA70795211B6659002DEB07 /* Main.storyboard */ = {
			isa = PBXVariantGroup;
			children = (
				1EA70796211B6659002DEB07 /* Base */,
			);
			name = Main.storyboard;
			sourceTree = "<group>";
		};
		1EA7079A211B665A002DEB07 /* LaunchScreen.storyboard */ = {
			isa = PBXVariantGroup;
			children = (
				1EA7079B211B665A002DEB07 /* Base */,
			);
			name = LaunchScreen.storyboard;
			sourceTree = "<group>";
		};
/* End PBXVariantGroup section */

/* Begin XCBuildConfiguration section */
		1EA7079E211B665A002DEB07 /* Debug */ = {
			isa = XCBuildConfiguration;
			buildSettings = {
				ALWAYS_SEARCH_USER_PATHS = NO;
				CLANG_ANALYZER_NONNULL = YES;
				CLANG_ANALYZER_NUMBER_OBJECT_CONVERSION = YES_AGGRESSIVE;
				CLANG_CXX_LANGUAGE_STANDARD = "gnu++14";
				CLANG_CXX_LIBRARY = "libc++";
				CLANG_ENABLE_MODULES = YES;
				CLANG_ENABLE_OBJC_ARC = YES;
				CLANG_ENABLE_OBJC_WEAK = YES;
				CLANG_WARN_BLOCK_CAPTURE_AUTORELEASING = YES;
				CLANG_WARN_BOOL_CONVERSION = YES;
				CLANG_WARN_COMMA = YES;
				CLANG_WARN_CONSTANT_CONVERSION = YES;
				CLANG_WARN_DEPRECATED_OBJC_IMPLEMENTATIONS = YES;
				CLANG_WARN_DIRECT_OBJC_ISA_USAGE = YES_ERROR;
				CLANG_WARN_DOCUMENTATION_COMMENTS = YES;
				CLANG_WARN_EMPTY_BODY = YES;
				CLANG_WARN_ENUM_CONVERSION = YES;
				CLANG_WARN_INFINITE_RECURSION = YES;
				CLANG_WARN_INT_CONVERSION = YES;
				CLANG_WARN_NON_LITERAL_NULL_CONVERSION = YES;
				CLANG_WARN_OBJC_IMPLICIT_RETAIN_SELF = YES;
				CLANG_WARN_OBJC_LITERAL_CONVERSION = YES;
				CLANG_WARN_OBJC_ROOT_CLASS = YES_ERROR;
				CLANG_WARN_RANGE_LOOP_ANALYSIS = YES;
				CLANG_WARN_STRICT_PROTOTYPES = YES;
				CLANG_WARN_SUSPICIOUS_MOVE = YES;
				CLANG_WARN_UNGUARDED_AVAILABILITY = YES_AGGRESSIVE;
				CLANG_WARN_UNREACHABLE_CODE = YES;
				CLANG_WARN__DUPLICATE_METHOD_MATCH = YES;
				CODE_SIGN_IDENTITY = "iPhone Developer";
				COPY_PHASE_STRIP = NO;
				DEBUG_INFORMATION_FORMAT = dwarf;
				ENABLE_STRICT_OBJC_MSGSEND = YES;
				ENABLE_TESTABILITY = YES;
				GCC_C_LANGUAGE_STANDARD = gnu11;
				GCC_DYNAMIC_NO_PIC = NO;
				GCC_NO_COMMON_BLOCKS = YES;
				GCC_OPTIMIZATION_LEVEL = 0;
				GCC_PREPROCESSOR_DEFINITIONS = (
					"DEBUG=1",
					"$(inherited)",
				);
				GCC_WARN_64_TO_32_BIT_CONVERSION = YES;
				GCC_WARN_ABOUT_RETURN_TYPE = YES_ERROR;
				GCC_WARN_UNDECLARED_SELECTOR = YES;
				GCC_WARN_UNINITIALIZED_AUTOS = YES_AGGRESSIVE;
				GCC_WARN_UNUSED_FUNCTION = YES;
				GCC_WARN_UNUSED_VARIABLE = YES;
				IPHONEOS_DEPLOYMENT_TARGET = 11.4;
				MTL_ENABLE_DEBUG_INFO = YES;
				ONLY_ACTIVE_ARCH = YES;
				SDKROOT = iphoneos;
				SWIFT_ACTIVE_COMPILATION_CONDITIONS = DEBUG;
				SWIFT_OPTIMIZATION_LEVEL = "-Onone";
			};
			name = Debug;
		};
		1EA7079F211B665A002DEB07 /* Release */ = {
			isa = XCBuildConfiguration;
			buildSettings = {
				ALWAYS_SEARCH_USER_PATHS = NO;
				CLANG_ANALYZER_NONNULL = YES;
				CLANG_ANALYZER_NUMBER_OBJECT_CONVERSION = YES_AGGRESSIVE;
				CLANG_CXX_LANGUAGE_STANDARD = "gnu++14";
				CLANG_CXX_LIBRARY = "libc++";
				CLANG_ENABLE_MODULES = YES;
				CLANG_ENABLE_OBJC_ARC = YES;
				CLANG_ENABLE_OBJC_WEAK = YES;
				CLANG_WARN_BLOCK_CAPTURE_AUTORELEASING = YES;
				CLANG_WARN_BOOL_CONVERSION = YES;
				CLANG_WARN_COMMA = YES;
				CLANG_WARN_CONSTANT_CONVERSION = YES;
				CLANG_WARN_DEPRECATED_OBJC_IMPLEMENTATIONS = YES;
				CLANG_WARN_DIRECT_OBJC_ISA_USAGE = YES_ERROR;
				CLANG_WARN_DOCUMENTATION_COMMENTS = YES;
				CLANG_WARN_EMPTY_BODY = YES;
				CLANG_WARN_ENUM_CONVERSION = YES;
				CLANG_WARN_INFINITE_RECURSION = YES;
				CLANG_WARN_INT_CONVERSION = YES;
				CLANG_WARN_NON_LITERAL_NULL_CONVERSION = YES;
				CLANG_WARN_OBJC_IMPLICIT_RETAIN_SELF = YES;
				CLANG_WARN_OBJC_LITERAL_CONVERSION = YES;
				CLANG_WARN_OBJC_ROOT_CLASS = YES_ERROR;
				CLANG_WARN_RANGE_LOOP_ANALYSIS = YES;
				CLANG_WARN_STRICT_PROTOTYPES = YES;
				CLANG_WARN_SUSPICIOUS_MOVE = YES;
				CLANG_WARN_UNGUARDED_AVAILABILITY = YES_AGGRESSIVE;
				CLANG_WARN_UNREACHABLE_CODE = YES;
				CLANG_WARN__DUPLICATE_METHOD_MATCH = YES;
				CODE_SIGN_IDENTITY = "iPhone Developer";
				COPY_PHASE_STRIP = NO;
				DEBUG_INFORMATION_FORMAT = "dwarf-with-dsym";
				ENABLE_NS_ASSERTIONS = NO;
				ENABLE_STRICT_OBJC_MSGSEND = YES;
				GCC_C_LANGUAGE_STANDARD = gnu11;
				GCC_NO_COMMON_BLOCKS = YES;
				GCC_WARN_64_TO_32_BIT_CONVERSION = YES;
				GCC_WARN_ABOUT_RETURN_TYPE = YES_ERROR;
				GCC_WARN_UNDECLARED_SELECTOR = YES;
				GCC_WARN_UNINITIALIZED_AUTOS = YES_AGGRESSIVE;
				GCC_WARN_UNUSED_FUNCTION = YES;
				GCC_WARN_UNUSED_VARIABLE = YES;
				IPHONEOS_DEPLOYMENT_TARGET = 11.4;
				MTL_ENABLE_DEBUG_INFO = NO;
				SDKROOT = iphoneos;
				SWIFT_COMPILATION_MODE = wholemodule;
				SWIFT_OPTIMIZATION_LEVEL = "-O";
				VALIDATE_PRODUCT = YES;
			};
			name = Release;
		};
		1EA707A1211B665A002DEB07 /* Debug */ = {
			isa = XCBuildConfiguration;
			buildSettings = {
				ASSETCATALOG_COMPILER_APPICON_NAME = AppIcon;
				CODE_SIGN_STYLE = Automatic;
				DEVELOPMENT_TEAM = 3TA577K42B;
				INFOPLIST_FILE = TableViewDemo1/Info.plist;
				LD_RUNPATH_SEARCH_PATHS = (
					"$(inherited)",
					"@executable_path/Frameworks",
				);
				PRODUCT_BUNDLE_IDENTIFIER = com.mahmoudorganization.TableViewDemo1;
				PRODUCT_NAME = "$(TARGET_NAME)";
				SWIFT_VERSION = 4.0;
				TARGETED_DEVICE_FAMILY = "1,2";
			};
			name = Debug;
		};
		1EA707A2211B665A002DEB07 /* Release */ = {
			isa = XCBuildConfiguration;
			buildSettings = {
				ASSETCATALOG_COMPILER_APPICON_NAME = AppIcon;
				CODE_SIGN_STYLE = Automatic;
				DEVELOPMENT_TEAM = 3TA577K42B;
				INFOPLIST_FILE = TableViewDemo1/Info.plist;
				LD_RUNPATH_SEARCH_PATHS = (
					"$(inherited)",
					"@executable_path/Frameworks",
				);
				PRODUCT_BUNDLE_IDENTIFIER = com.mahmoudorganization.TableViewDemo1;
				PRODUCT_NAME = "$(TARGET_NAME)";
				SWIFT_VERSION = 4.0;
				TARGETED_DEVICE_FAMILY = "1,2";
			};
			name = Release;
		};
/* End XCBuildConfiguration section */

/* Begin XCConfigurationList section */
		1EA70789211B6659002DEB07 /* Build configuration list for PBXProject "Demo4-TableViewDemo1" */ = {
			isa = XCConfigurationList;
			buildConfigurations = (
				1EA7079E211B665A002DEB07 /* Debug */,
				1EA7079F211B665A002DEB07 /* Release */,
			);
			defaultConfigurationIsVisible = 0;
			defaultConfigurationName = Release;
		};
		1EA707A0211B665A002DEB07 /* Build configuration list for PBXNativeTarget "Demo4-TableViewDemo1" */ = {
			isa = XCConfigurationList;
			buildConfigurations = (
				1EA707A1211B665A002DEB07 /* Debug */,
				1EA707A2211B665A002DEB07 /* Release */,
			);
			defaultConfigurationIsVisible = 0;
			defaultConfigurationName = Release;
		};
/* End XCConfigurationList section */
	};
	rootObject = 1EA70786211B6659002DEB07 /* Project object */;
}
